# This file is automatically @generated by Poetry 1.6.1 and should not be changed by hand.

[[package]]
name = "attrs"
version = "23.1.0"
description = "Classes Without Boilerplate"
optional = false
python-versions = ">=3.7"
files = [
    {file = "attrs-23.1.0-py3-none-any.whl", hash = "sha256:1f28b4522cdc2fb4256ac1a020c78acf9cba2c6b461ccd2c126f3aa8e8335d04"},
    {file = "attrs-23.1.0.tar.gz", hash = "sha256:6279836d581513a26f1bf235f9acd333bc9115683f14f7e8fae46c98fc50e015"},
]

[package.extras]
cov = ["attrs[tests]", "coverage[toml] (>=5.3)"]
dev = ["attrs[docs,tests]", "pre-commit"]
docs = ["furo", "myst-parser", "sphinx", "sphinx-notfound-page", "sphinxcontrib-towncrier", "towncrier", "zope-interface"]
tests = ["attrs[tests-no-zope]", "zope-interface"]
tests-no-zope = ["cloudpickle", "hypothesis", "mypy (>=1.1.1)", "pympler", "pytest (>=4.3.0)", "pytest-mypy-plugins", "pytest-xdist[psutil]"]

[[package]]
name = "black"
version = "23.9.1"
description = "The uncompromising code formatter."
optional = false
python-versions = ">=3.8"
files = [
    {file = "black-23.9.1-cp310-cp310-macosx_10_16_arm64.whl", hash = "sha256:d6bc09188020c9ac2555a498949401ab35bb6bf76d4e0f8ee251694664df6301"},
    {file = "black-23.9.1-cp310-cp310-macosx_10_16_universal2.whl", hash = "sha256:13ef033794029b85dfea8032c9d3b92b42b526f1ff4bf13b2182ce4e917f5100"},
    {file = "black-23.9.1-cp310-cp310-macosx_10_16_x86_64.whl", hash = "sha256:75a2dc41b183d4872d3a500d2b9c9016e67ed95738a3624f4751a0cb4818fe71"},
    {file = "black-23.9.1-cp310-cp310-manylinux_2_17_x86_64.manylinux2014_x86_64.whl", hash = "sha256:13a2e4a93bb8ca74a749b6974925c27219bb3df4d42fc45e948a5d9feb5122b7"},
    {file = "black-23.9.1-cp310-cp310-win_amd64.whl", hash = "sha256:adc3e4442eef57f99b5590b245a328aad19c99552e0bdc7f0b04db6656debd80"},
    {file = "black-23.9.1-cp311-cp311-macosx_10_16_arm64.whl", hash = "sha256:8431445bf62d2a914b541da7ab3e2b4f3bc052d2ccbf157ebad18ea126efb91f"},
    {file = "black-23.9.1-cp311-cp311-macosx_10_16_universal2.whl", hash = "sha256:8fc1ddcf83f996247505db6b715294eba56ea9372e107fd54963c7553f2b6dfe"},
    {file = "black-23.9.1-cp311-cp311-macosx_10_16_x86_64.whl", hash = "sha256:7d30ec46de88091e4316b17ae58bbbfc12b2de05e069030f6b747dfc649ad186"},
    {file = "black-23.9.1-cp311-cp311-manylinux_2_17_x86_64.manylinux2014_x86_64.whl", hash = "sha256:031e8c69f3d3b09e1aa471a926a1eeb0b9071f80b17689a655f7885ac9325a6f"},
    {file = "black-23.9.1-cp311-cp311-win_amd64.whl", hash = "sha256:538efb451cd50f43aba394e9ec7ad55a37598faae3348d723b59ea8e91616300"},
    {file = "black-23.9.1-cp38-cp38-macosx_10_16_arm64.whl", hash = "sha256:638619a559280de0c2aa4d76f504891c9860bb8fa214267358f0a20f27c12948"},
    {file = "black-23.9.1-cp38-cp38-macosx_10_16_universal2.whl", hash = "sha256:a732b82747235e0542c03bf352c126052c0fbc458d8a239a94701175b17d4855"},
    {file = "black-23.9.1-cp38-cp38-macosx_10_16_x86_64.whl", hash = "sha256:cf3a4d00e4cdb6734b64bf23cd4341421e8953615cba6b3670453737a72ec204"},
    {file = "black-23.9.1-cp38-cp38-manylinux_2_17_x86_64.manylinux2014_x86_64.whl", hash = "sha256:cf99f3de8b3273a8317681d8194ea222f10e0133a24a7548c73ce44ea1679377"},
    {file = "black-23.9.1-cp38-cp38-win_amd64.whl", hash = "sha256:14f04c990259576acd093871e7e9b14918eb28f1866f91968ff5524293f9c573"},
    {file = "black-23.9.1-cp39-cp39-macosx_10_16_arm64.whl", hash = "sha256:c619f063c2d68f19b2d7270f4cf3192cb81c9ec5bc5ba02df91471d0b88c4c5c"},
    {file = "black-23.9.1-cp39-cp39-macosx_10_16_universal2.whl", hash = "sha256:6a3b50e4b93f43b34a9d3ef00d9b6728b4a722c997c99ab09102fd5efdb88325"},
    {file = "black-23.9.1-cp39-cp39-macosx_10_16_x86_64.whl", hash = "sha256:c46767e8df1b7beefb0899c4a95fb43058fa8500b6db144f4ff3ca38eb2f6393"},
    {file = "black-23.9.1-cp39-cp39-manylinux_2_17_x86_64.manylinux2014_x86_64.whl", hash = "sha256:50254ebfa56aa46a9fdd5d651f9637485068a1adf42270148cd101cdf56e0ad9"},
    {file = "black-23.9.1-cp39-cp39-win_amd64.whl", hash = "sha256:403397c033adbc45c2bd41747da1f7fc7eaa44efbee256b53842470d4ac5a70f"},
    {file = "black-23.9.1-py3-none-any.whl", hash = "sha256:6ccd59584cc834b6d127628713e4b6b968e5f79572da66284532525a042549f9"},
    {file = "black-23.9.1.tar.gz", hash = "sha256:24b6b3ff5c6d9ea08a8888f6977eae858e1f340d7260cf56d70a49823236b62d"},
]

[package.dependencies]
click = ">=8.0.0"
mypy-extensions = ">=0.4.3"
packaging = ">=22.0"
pathspec = ">=0.9.0"
platformdirs = ">=2"
tomli = {version = ">=1.1.0", markers = "python_version < \"3.11\""}
typing-extensions = {version = ">=4.0.1", markers = "python_version < \"3.11\""}

[package.extras]
colorama = ["colorama (>=0.4.3)"]
d = ["aiohttp (>=3.7.4)"]
jupyter = ["ipython (>=7.8.0)", "tokenize-rt (>=3.2.0)"]
uvloop = ["uvloop (>=0.15.2)"]

[[package]]
name = "click"
version = "8.1.7"
description = "Composable command line interface toolkit"
optional = false
python-versions = ">=3.7"
files = [
    {file = "click-8.1.7-py3-none-any.whl", hash = "sha256:ae74fb96c20a0277a1d615f1e4d73c8414f5a98db8b799a7931d1582f3390c28"},
    {file = "click-8.1.7.tar.gz", hash = "sha256:ca9853ad459e787e2192211578cc907e7594e294c7ccc834310722b41b9ca6de"},
]

[package.dependencies]
colorama = {version = "*", markers = "platform_system == \"Windows\""}

[[package]]
name = "colorama"
version = "0.4.6"
description = "Cross-platform colored terminal text."
optional = false
python-versions = "!=3.0.*,!=3.1.*,!=3.2.*,!=3.3.*,!=3.4.*,!=3.5.*,!=3.6.*,>=2.7"
files = [
    {file = "colorama-0.4.6-py2.py3-none-any.whl", hash = "sha256:4f1d9991f5acc0ca119f9d443620b77f9d6b33703e51011c16baf57afb285fc6"},
    {file = "colorama-0.4.6.tar.gz", hash = "sha256:08695f5cb7ed6e0531a20572697297273c47b8cae5a63ffc6d6ed5c201be6e44"},
]

[[package]]
name = "exceptiongroup"
version = "1.1.3"
description = "Backport of PEP 654 (exception groups)"
optional = false
python-versions = ">=3.7"
files = [
    {file = "exceptiongroup-1.1.3-py3-none-any.whl", hash = "sha256:343280667a4585d195ca1cf9cef84a4e178c4b6cf2274caef9859782b567d5e3"},
    {file = "exceptiongroup-1.1.3.tar.gz", hash = "sha256:097acd85d473d75af5bb98e41b61ff7fe35efe6675e4f9370ec6ec5126d160e9"},
]

[package.extras]
test = ["pytest (>=6)"]

[[package]]
name = "fancycompleter"
version = "0.9.1"
description = "colorful TAB completion for Python prompt"
optional = false
python-versions = "*"
files = [
    {file = "fancycompleter-0.9.1-py3-none-any.whl", hash = "sha256:dd076bca7d9d524cc7f25ec8f35ef95388ffef9ef46def4d3d25e9b044ad7080"},
    {file = "fancycompleter-0.9.1.tar.gz", hash = "sha256:09e0feb8ae242abdfd7ef2ba55069a46f011814a80fe5476be48f51b00247272"},
]

[package.dependencies]
pyreadline = {version = "*", markers = "platform_system == \"Windows\""}
pyrepl = ">=0.8.2"

[[package]]
name = "importlib-metadata"
version = "6.8.0"
description = "Read metadata from Python packages"
optional = false
python-versions = ">=3.8"
files = [
    {file = "importlib_metadata-6.8.0-py3-none-any.whl", hash = "sha256:3ebb78df84a805d7698245025b975d9d67053cd94c79245ba4b3eb694abe68bb"},
    {file = "importlib_metadata-6.8.0.tar.gz", hash = "sha256:dbace7892d8c0c4ac1ad096662232f831d4e64f4c4545bd53016a3e9d4654743"},
]

[package.dependencies]
zipp = ">=0.5"

[package.extras]
docs = ["furo", "jaraco.packaging (>=9)", "jaraco.tidelift (>=1.4)", "rst.linker (>=1.9)", "sphinx (>=3.5)", "sphinx-lint"]
perf = ["ipython"]
testing = ["flufl.flake8", "importlib-resources (>=1.3)", "packaging", "pyfakefs", "pytest (>=6)", "pytest-black (>=0.3.7)", "pytest-checkdocs (>=2.4)", "pytest-cov", "pytest-enabler (>=2.2)", "pytest-mypy (>=0.9.1)", "pytest-perf (>=0.9.2)", "pytest-ruff"]

[[package]]
name = "iniconfig"
version = "2.0.0"
description = "brain-dead simple config-ini parsing"
optional = false
python-versions = ">=3.7"
files = [
    {file = "iniconfig-2.0.0-py3-none-any.whl", hash = "sha256:b6a85871a79d2e3b22d2d1b94ac2824226a63c6b741c88f7ae975f18b6778374"},
    {file = "iniconfig-2.0.0.tar.gz", hash = "sha256:2d91e135bf72d31a410b17c16da610a82cb55f6b0477d1a902134b24a455b8b3"},
]

[[package]]
name = "linkify-it-py"
version = "2.0.2"
description = "Links recognition library with FULL unicode support."
optional = false
python-versions = ">=3.7"
files = [
    {file = "linkify-it-py-2.0.2.tar.gz", hash = "sha256:19f3060727842c254c808e99d465c80c49d2c7306788140987a1a7a29b0d6ad2"},
    {file = "linkify_it_py-2.0.2-py3-none-any.whl", hash = "sha256:a3a24428f6c96f27370d7fe61d2ac0be09017be5190d68d8658233171f1b6541"},
]

[package.dependencies]
uc-micro-py = "*"

[package.extras]
benchmark = ["pytest", "pytest-benchmark"]
dev = ["black", "flake8", "isort", "pre-commit", "pyproject-flake8"]
doc = ["myst-parser", "sphinx", "sphinx-book-theme"]
test = ["coverage", "pytest", "pytest-cov"]

[[package]]
name = "markdown-it-py"
version = "3.0.0"
description = "Python port of markdown-it. Markdown parsing, done right!"
optional = false
python-versions = ">=3.8"
files = [
    {file = "markdown-it-py-3.0.0.tar.gz", hash = "sha256:e3f60a94fa066dc52ec76661e37c851cb232d92f9886b15cb560aaada2df8feb"},
    {file = "markdown_it_py-3.0.0-py3-none-any.whl", hash = "sha256:355216845c60bd96232cd8d8c40e8f9765cc86f46880e43a8fd22dc1a1a8cab1"},
]

[package.dependencies]
linkify-it-py = {version = ">=1,<3", optional = true, markers = "extra == \"linkify\""}
mdit-py-plugins = {version = "*", optional = true, markers = "extra == \"plugins\""}
mdurl = ">=0.1,<1.0"

[package.extras]
benchmarking = ["psutil", "pytest", "pytest-benchmark"]
code-style = ["pre-commit (>=3.0,<4.0)"]
compare = ["commonmark (>=0.9,<1.0)", "markdown (>=3.4,<4.0)", "mistletoe (>=1.0,<2.0)", "mistune (>=2.0,<3.0)", "panflute (>=2.3,<3.0)"]
linkify = ["linkify-it-py (>=1,<3)"]
plugins = ["mdit-py-plugins"]
profiling = ["gprof2dot"]
rtd = ["jupyter_sphinx", "mdit-py-plugins", "myst-parser", "pyyaml", "sphinx", "sphinx-copybutton", "sphinx-design", "sphinx_book_theme"]
testing = ["coverage", "pytest", "pytest-cov", "pytest-regressions"]

[[package]]
name = "mdit-py-plugins"
version = "0.4.0"
description = "Collection of plugins for markdown-it-py"
optional = false
python-versions = ">=3.8"
files = [
    {file = "mdit_py_plugins-0.4.0-py3-none-any.whl", hash = "sha256:b51b3bb70691f57f974e257e367107857a93b36f322a9e6d44ca5bf28ec2def9"},
    {file = "mdit_py_plugins-0.4.0.tar.gz", hash = "sha256:d8ab27e9aed6c38aa716819fedfde15ca275715955f8a185a8e1cf90fb1d2c1b"},
]

[package.dependencies]
markdown-it-py = ">=1.0.0,<4.0.0"

[package.extras]
code-style = ["pre-commit"]
rtd = ["myst-parser", "sphinx-book-theme"]
testing = ["coverage", "pytest", "pytest-cov", "pytest-regressions"]

[[package]]
name = "mdurl"
version = "0.1.2"
description = "Markdown URL utilities"
optional = false
python-versions = ">=3.7"
files = [
    {file = "mdurl-0.1.2-py3-none-any.whl", hash = "sha256:84008a41e51615a49fc9966191ff91509e3c40b939176e643fd50a5c2196b8f8"},
    {file = "mdurl-0.1.2.tar.gz", hash = "sha256:bb413d29f5eea38f31dd4754dd7377d4465116fb207585f97bf925588687c1ba"},
]

[[package]]
name = "mypy-extensions"
version = "1.0.0"
description = "Type system extensions for programs checked with the mypy type checker."
optional = false
python-versions = ">=3.5"
files = [
    {file = "mypy_extensions-1.0.0-py3-none-any.whl", hash = "sha256:4392f6c0eb8a5668a69e23d168ffa70f0be9ccfd32b5cc2d26a34ae5b844552d"},
    {file = "mypy_extensions-1.0.0.tar.gz", hash = "sha256:75dbf8955dc00442a438fc4d0666508a9a97b6bd41aa2f0ffe9d2f2725af0782"},
]

[[package]]
name = "packaging"
version = "23.2"
description = "Core utilities for Python packages"
optional = false
python-versions = ">=3.7"
files = [
    {file = "packaging-23.2-py3-none-any.whl", hash = "sha256:8c491190033a9af7e1d931d0b5dacc2ef47509b34dd0de67ed209b5203fc88c7"},
    {file = "packaging-23.2.tar.gz", hash = "sha256:048fb0e9405036518eaaf48a55953c750c11e1a1b68e0dd1a9d62ed0c092cfc5"},
]

[[package]]
name = "pathspec"
version = "0.11.2"
description = "Utility library for gitignore style pattern matching of file paths."
optional = false
python-versions = ">=3.7"
files = [
    {file = "pathspec-0.11.2-py3-none-any.whl", hash = "sha256:1d6ed233af05e679efb96b1851550ea95bbb64b7c490b0f5aa52996c11e92a20"},
    {file = "pathspec-0.11.2.tar.gz", hash = "sha256:e0d8d0ac2f12da61956eb2306b69f9469b42f4deb0f3cb6ed47b9cce9996ced3"},
]

[[package]]
name = "pdbpp"
version = "0.10.3"
description = "pdb++, a drop-in replacement for pdb"
optional = false
python-versions = "*"
files = [
    {file = "pdbpp-0.10.3-py2.py3-none-any.whl", hash = "sha256:79580568e33eb3d6f6b462b1187f53e10cd8e4538f7d31495c9181e2cf9665d1"},
    {file = "pdbpp-0.10.3.tar.gz", hash = "sha256:d9e43f4fda388eeb365f2887f4e7b66ac09dce9b6236b76f63616530e2f669f5"},
]

[package.dependencies]
fancycompleter = ">=0.8"
pygments = "*"
wmctrl = "*"

[package.extras]
funcsigs = ["funcsigs"]
testing = ["funcsigs", "pytest"]

[[package]]
name = "platformdirs"
version = "3.11.0"
description = "A small Python package for determining appropriate platform-specific dirs, e.g. a \"user data dir\"."
optional = false
python-versions = ">=3.7"
files = [
    {file = "platformdirs-3.11.0-py3-none-any.whl", hash = "sha256:e9d171d00af68be50e9202731309c4e658fd8bc76f55c11c7dd760d023bda68e"},
    {file = "platformdirs-3.11.0.tar.gz", hash = "sha256:cf8ee52a3afdb965072dcc652433e0c7e3e40cf5ea1477cd4b3b1d2eb75495b3"},
]

[package.extras]
docs = ["furo (>=2023.7.26)", "proselint (>=0.13)", "sphinx (>=7.1.1)", "sphinx-autodoc-typehints (>=1.24)"]
test = ["appdirs (==1.4.4)", "covdefaults (>=2.3)", "pytest (>=7.4)", "pytest-cov (>=4.1)", "pytest-mock (>=3.11.1)"]

[[package]]
name = "pluggy"
version = "1.3.0"
description = "plugin and hook calling mechanisms for python"
optional = false
python-versions = ">=3.8"
files = [
    {file = "pluggy-1.3.0-py3-none-any.whl", hash = "sha256:d89c696a773f8bd377d18e5ecda92b7a3793cbe66c87060a6fb58c7b6e1061f7"},
    {file = "pluggy-1.3.0.tar.gz", hash = "sha256:cf61ae8f126ac6f7c451172cf30e3e43d3ca77615509771b3a984a0730651e12"},
]

[package.extras]
dev = ["pre-commit", "tox"]
testing = ["pytest", "pytest-benchmark"]

[[package]]
name = "pygments"
version = "2.16.1"
description = "Pygments is a syntax highlighting package written in Python."
optional = false
python-versions = ">=3.7"
files = [
    {file = "Pygments-2.16.1-py3-none-any.whl", hash = "sha256:13fc09fa63bc8d8671a6d247e1eb303c4b343eaee81d861f3404db2935653692"},
    {file = "Pygments-2.16.1.tar.gz", hash = "sha256:1daff0494820c69bc8941e407aa20f577374ee88364ee10a98fdbe0aece96e29"},
]

[package.extras]
plugins = ["importlib-metadata"]

[[package]]
name = "pyreadline"
version = "2.1"
description = "A python implmementation of GNU readline."
optional = false
python-versions = "*"
files = [
    {file = "pyreadline-2.1.zip", hash = "sha256:4530592fc2e85b25b1a9f79664433da09237c1a270e4d78ea5aa3a2c7229e2d1"},
]

[[package]]
name = "pyrepl"
version = "0.9.0"
description = "A library for building flexible command line interfaces"
optional = false
python-versions = "*"
files = [
    {file = "pyrepl-0.9.0.tar.gz", hash = "sha256:292570f34b5502e871bbb966d639474f2b57fbfcd3373c2d6a2f3d56e681a775"},
]

[[package]]
name = "pytest"
version = "7.4.2"
description = "pytest: simple powerful testing with Python"
optional = false
python-versions = ">=3.7"
files = [
    {file = "pytest-7.4.2-py3-none-any.whl", hash = "sha256:1d881c6124e08ff0a1bb75ba3ec0bfd8b5354a01c194ddd5a0a870a48d99b002"},
    {file = "pytest-7.4.2.tar.gz", hash = "sha256:a766259cfab564a2ad52cb1aae1b881a75c3eb7e34ca3779697c23ed47c47069"},
]

[package.dependencies]
colorama = {version = "*", markers = "sys_platform == \"win32\""}
exceptiongroup = {version = ">=1.0.0rc8", markers = "python_version < \"3.11\""}
iniconfig = "*"
packaging = "*"
pluggy = ">=0.12,<2.0"
tomli = {version = ">=1.0.0", markers = "python_version < \"3.11\""}

[package.extras]
testing = ["argcomplete", "attrs (>=19.2.0)", "hypothesis (>=3.56)", "mock", "nose", "pygments (>=2.7.2)", "requests", "setuptools", "xmlschema"]

[[package]]
name = "pytest-asyncio"
version = "0.21.1"
description = "Pytest support for asyncio"
optional = false
python-versions = ">=3.7"
files = [
    {file = "pytest-asyncio-0.21.1.tar.gz", hash = "sha256:40a7eae6dded22c7b604986855ea48400ab15b069ae38116e8c01238e9eeb64d"},
    {file = "pytest_asyncio-0.21.1-py3-none-any.whl", hash = "sha256:8666c1c8ac02631d7c51ba282e0c69a8a452b211ffedf2599099845da5c5c37b"},
]

[package.dependencies]
pytest = ">=7.0.0"

[package.extras]
docs = ["sphinx (>=5.3)", "sphinx-rtd-theme (>=1.0)"]
testing = ["coverage (>=6.2)", "flaky (>=3.5.0)", "hypothesis (>=5.7.1)", "mypy (>=0.931)", "pytest-trio (>=0.7.0)"]

[[package]]
name = "rich"
version = "13.6.0"
description = "Render rich text, tables, progress bars, syntax highlighting, markdown and more to the terminal"
optional = false
python-versions = ">=3.7.0"
files = [
    {file = "rich-13.6.0-py3-none-any.whl", hash = "sha256:2b38e2fe9ca72c9a00170a1a2d20c63c790d0e10ef1fe35eba76e1e7b1d7d245"},
    {file = "rich-13.6.0.tar.gz", hash = "sha256:5c14d22737e6d5084ef4771b62d5d4363165b403455a30a1c8ca39dc7b644bef"},
]

[package.dependencies]
markdown-it-py = ">=2.2.0"
pygments = ">=2.13.0,<3.0.0"

[package.extras]
jupyter = ["ipywidgets (>=7.5.1,<9)"]

[[package]]
name = "ruff"
version = "0.0.292"
description = "An extremely fast Python linter, written in Rust."
optional = false
python-versions = ">=3.7"
files = [
    {file = "ruff-0.0.292-py3-none-macosx_10_7_x86_64.whl", hash = "sha256:02f29db018c9d474270c704e6c6b13b18ed0ecac82761e4fcf0faa3728430c96"},
    {file = "ruff-0.0.292-py3-none-macosx_10_9_x86_64.macosx_11_0_arm64.macosx_10_9_universal2.whl", hash = "sha256:69654e564342f507edfa09ee6897883ca76e331d4bbc3676d8a8403838e9fade"},
    {file = "ruff-0.0.292-py3-none-manylinux_2_17_aarch64.manylinux2014_aarch64.whl", hash = "sha256:6c3c91859a9b845c33778f11902e7b26440d64b9d5110edd4e4fa1726c41e0a4"},
    {file = "ruff-0.0.292-py3-none-manylinux_2_17_armv7l.manylinux2014_armv7l.whl", hash = "sha256:f4476f1243af2d8c29da5f235c13dca52177117935e1f9393f9d90f9833f69e4"},
    {file = "ruff-0.0.292-py3-none-manylinux_2_17_i686.manylinux2014_i686.whl", hash = "sha256:be8eb50eaf8648070b8e58ece8e69c9322d34afe367eec4210fdee9a555e4ca7"},
    {file = "ruff-0.0.292-py3-none-manylinux_2_17_ppc64.manylinux2014_ppc64.whl", hash = "sha256:9889bac18a0c07018aac75ef6c1e6511d8411724d67cb879103b01758e110a81"},
    {file = "ruff-0.0.292-py3-none-manylinux_2_17_ppc64le.manylinux2014_ppc64le.whl", hash = "sha256:6bdfabd4334684a4418b99b3118793f2c13bb67bf1540a769d7816410402a205"},
    {file = "ruff-0.0.292-py3-none-manylinux_2_17_s390x.manylinux2014_s390x.whl", hash = "sha256:aa7c77c53bfcd75dbcd4d1f42d6cabf2485d2e1ee0678da850f08e1ab13081a8"},
    {file = "ruff-0.0.292-py3-none-manylinux_2_17_x86_64.manylinux2014_x86_64.whl", hash = "sha256:8e087b24d0d849c5c81516ec740bf4fd48bf363cfb104545464e0fca749b6af9"},
    {file = "ruff-0.0.292-py3-none-musllinux_1_2_aarch64.whl", hash = "sha256:f160b5ec26be32362d0774964e218f3fcf0a7da299f7e220ef45ae9e3e67101a"},
    {file = "ruff-0.0.292-py3-none-musllinux_1_2_armv7l.whl", hash = "sha256:ac153eee6dd4444501c4bb92bff866491d4bfb01ce26dd2fff7ca472c8df9ad0"},
    {file = "ruff-0.0.292-py3-none-musllinux_1_2_i686.whl", hash = "sha256:87616771e72820800b8faea82edd858324b29bb99a920d6aa3d3949dd3f88fb0"},
    {file = "ruff-0.0.292-py3-none-musllinux_1_2_x86_64.whl", hash = "sha256:b76deb3bdbea2ef97db286cf953488745dd6424c122d275f05836c53f62d4016"},
    {file = "ruff-0.0.292-py3-none-win32.whl", hash = "sha256:e854b05408f7a8033a027e4b1c7f9889563dd2aca545d13d06711e5c39c3d003"},
    {file = "ruff-0.0.292-py3-none-win_amd64.whl", hash = "sha256:f27282bedfd04d4c3492e5c3398360c9d86a295be00eccc63914438b4ac8a83c"},
    {file = "ruff-0.0.292-py3-none-win_arm64.whl", hash = "sha256:7f67a69c8f12fbc8daf6ae6d36705037bde315abf8b82b6e1f4c9e74eb750f68"},
    {file = "ruff-0.0.292.tar.gz", hash = "sha256:1093449e37dd1e9b813798f6ad70932b57cf614e5c2b5c51005bf67d55db33ac"},
]

[[package]]
name = "textual"
version = "0.38.1"
description = "Modern Text User Interface framework"
optional = false
python-versions = ">=3.7,<4.0"
files = [
    {file = "textual-0.38.1-py3-none-any.whl", hash = "sha256:8d38cbad6ac0b1320e52c7516e96b817e448d7c58d991269d3cf300108bbd191"},
    {file = "textual-0.38.1.tar.gz", hash = "sha256:504c934c3281217a29e7a95d498aacb7fbc629f6430895f7ac51ea7ba66e5d99"},
]

[package.dependencies]
importlib-metadata = ">=4.11.3"
markdown-it-py = {version = ">=2.1.0", extras = ["linkify", "plugins"]}
rich = ">=13.3.3"
tree-sitter = ">=0.20.1,<0.21.0"
tree_sitter_languages = {version = ">=1.7.0", markers = "python_version >= \"3.8\" and python_version < \"4.0\""}
typing-extensions = ">=4.4.0,<5.0.0"

[[package]]
name = "tomli"
version = "2.0.1"
description = "A lil' TOML parser"
optional = false
python-versions = ">=3.7"
files = [
    {file = "tomli-2.0.1-py3-none-any.whl", hash = "sha256:939de3e7a6161af0c887ef91b7d41a53e7c5a1ca976325f429cb46ea9bc30ecc"},
    {file = "tomli-2.0.1.tar.gz", hash = "sha256:de526c12914f0c550d15924c62d72abc48d6fe7364aa87328337a31007fe8a4f"},
]

[[package]]
name = "tree-sitter"
version = "0.20.2"
description = "Python bindings for the Tree-Sitter parsing library"
optional = false
python-versions = ">=3.3"
files = [
    {file = "tree_sitter-0.20.2-cp310-cp310-macosx_10_9_x86_64.whl", hash = "sha256:1a151ccf9233b0b84850422654247f68a4d78f548425c76520402ea6fb6cdb24"},
    {file = "tree_sitter-0.20.2-cp310-cp310-macosx_11_0_arm64.whl", hash = "sha256:52ca2738c3c4c660c83054ac3e44a49cbecb9f89dc26bb8e154d6ca288aa06b0"},
    {file = "tree_sitter-0.20.2-cp310-cp310-manylinux_2_17_i686.manylinux2014_i686.whl", hash = "sha256:a8d51478ea078da7cc6f626e9e36f131bbc5fac036cf38ea4b5b81632cbac37d"},
    {file = "tree_sitter-0.20.2-cp310-cp310-manylinux_2_17_x86_64.manylinux2014_x86_64.whl", hash = "sha256:d0b2b59e1633efbf19cd2ed1ceb8d51b2c44a278153b1113998c70bc1570b750"},
    {file = "tree_sitter-0.20.2-cp310-cp310-musllinux_1_1_i686.whl", hash = "sha256:7f691c57d2a65d6e53e2f3574153c9cd0c157ff938b8d6f252edd5e619811403"},
    {file = "tree_sitter-0.20.2-cp310-cp310-musllinux_1_1_x86_64.whl", hash = "sha256:ba72a363387eebaff9a0b788f864fe47da425136cbd4cac6cd125051f043c296"},
    {file = "tree_sitter-0.20.2-cp310-cp310-win32.whl", hash = "sha256:55e33eb206446d5046d3b5fe36ab300840f5a8a844246adb0ccc68c55c30b722"},
    {file = "tree_sitter-0.20.2-cp310-cp310-win_amd64.whl", hash = "sha256:24ce9d14daba0a71a778417d9d61dd4038ca96981ddec19e1e8990881469321c"},
    {file = "tree_sitter-0.20.2-cp311-cp311-macosx_10_9_x86_64.whl", hash = "sha256:942dbfb8bc380f09b0e323d3884de07d19022930516f33b7503a6eb5f6e18979"},
    {file = "tree_sitter-0.20.2-cp311-cp311-macosx_11_0_arm64.whl", hash = "sha256:ee5651c11924d426f8d6858a40fd5090ae31574f81ef180bef2055282f43bf62"},
    {file = "tree_sitter-0.20.2-cp311-cp311-manylinux_2_17_i686.manylinux2014_i686.whl", hash = "sha256:8fb6982b480031628dad7f229c4c8d90b17d4c281ba97848d3b100666d7fa45f"},
    {file = "tree_sitter-0.20.2-cp311-cp311-manylinux_2_17_x86_64.manylinux2014_x86_64.whl", hash = "sha256:067609c6c7cb6e5a6c4be50076a380fe52b6e8f0641ee9d0da33b24a5b972e82"},
    {file = "tree_sitter-0.20.2-cp311-cp311-musllinux_1_1_i686.whl", hash = "sha256:849d7e6b66fe7ded08a633943b30e0ed807eee76104288e6c6841433f4a9651b"},
    {file = "tree_sitter-0.20.2-cp311-cp311-musllinux_1_1_x86_64.whl", hash = "sha256:e85689573797e49f86e2d7cf48b9dd23bc044c477df074a78546e666d6990a29"},
    {file = "tree_sitter-0.20.2-cp311-cp311-win32.whl", hash = "sha256:098906148e44ea391a91b019d584dd8d0ea1437af62a9744e280e93163fd35ca"},
    {file = "tree_sitter-0.20.2-cp311-cp311-win_amd64.whl", hash = "sha256:2753a87094b72fe7f02276b3948155618f53aa14e1ca20588f0eeed510f68512"},
    {file = "tree_sitter-0.20.2-cp36-cp36m-macosx_10_9_x86_64.whl", hash = "sha256:5de192cb9e7b1c882d45418decb7899f1547f7056df756bcae186bbf4966d96e"},
    {file = "tree_sitter-0.20.2-cp36-cp36m-manylinux_2_17_i686.manylinux2014_i686.whl", hash = "sha256:f3a77e663293a73a97edbf2a2e05001de08933eb5d311a16bdc25b9b2fac54f3"},
    {file = "tree_sitter-0.20.2-cp36-cp36m-manylinux_2_17_x86_64.manylinux2014_x86_64.whl", hash = "sha256:415da4a70c56a003758537517fe9e60b8b0c5f70becde54cc8b8f3ba810adc70"},
    {file = "tree_sitter-0.20.2-cp36-cp36m-musllinux_1_1_i686.whl", hash = "sha256:707fb4d7a6123b8f9f2b005d61194077c3168c0372556e7418802280eddd4892"},
    {file = "tree_sitter-0.20.2-cp36-cp36m-musllinux_1_1_x86_64.whl", hash = "sha256:75fcbfb0a61ad64e7f787eb3f8fbf29b8e2b858dc011897ad039d838a06cee02"},
    {file = "tree_sitter-0.20.2-cp36-cp36m-win32.whl", hash = "sha256:622926530895d939fa6e1e2487e71a311c71d3b09f4c4f19301695ea866304a4"},
    {file = "tree_sitter-0.20.2-cp36-cp36m-win_amd64.whl", hash = "sha256:5c0712f031271d9bc462f1db7623d23703ed9fbcbaa6dc19ba535f58d6110774"},
    {file = "tree_sitter-0.20.2-cp37-cp37m-macosx_10_9_x86_64.whl", hash = "sha256:2dfdf680ecf5619447243c4c20e4040a7b5e7afca4e1569f03c814e86bfda248"},
    {file = "tree_sitter-0.20.2-cp37-cp37m-manylinux_2_17_i686.manylinux2014_i686.whl", hash = "sha256:79650ee23a15559b69542c71ed9eb3297dce21932a7c5c148be384dd0f2cd49d"},
    {file = "tree_sitter-0.20.2-cp37-cp37m-manylinux_2_17_x86_64.manylinux2014_x86_64.whl", hash = "sha256:d63059746b4b2f2f87dd19c208141c69452694aae32459b7a4ebca8539d13bf4"},
    {file = "tree_sitter-0.20.2-cp37-cp37m-musllinux_1_1_i686.whl", hash = "sha256:9398d1e214d4915032cf68a678de7eb803f64d25ef04724d70b88db7bb7746e9"},
    {file = "tree_sitter-0.20.2-cp37-cp37m-musllinux_1_1_x86_64.whl", hash = "sha256:b506fb2e2bd7a5a1603c644bbb90401fe488f86bbca39706addaa8d2bfc80815"},
    {file = "tree_sitter-0.20.2-cp37-cp37m-win32.whl", hash = "sha256:405e83804ba60ca1c3dbd258adbe0d7b0f1bdce948e5eec5587a2ebedcf930ba"},
    {file = "tree_sitter-0.20.2-cp37-cp37m-win_amd64.whl", hash = "sha256:a1e66d211c04144484e223922ac094a2367476e6f57000f986c5560dc5a83c6e"},
    {file = "tree_sitter-0.20.2-cp38-cp38-macosx_10_9_x86_64.whl", hash = "sha256:f8adc325c74c042204ed47d095e0ec86f83de3c7ec4979645f86b58514f60297"},
    {file = "tree_sitter-0.20.2-cp38-cp38-macosx_11_0_arm64.whl", hash = "sha256:beb49c861e1d111e0df119ecbfaa409e6413b8d91e8f56bcdb15f07fbc35594e"},
    {file = "tree_sitter-0.20.2-cp38-cp38-manylinux_2_17_i686.manylinux2014_i686.whl", hash = "sha256:e17ee83409b01fdd09021997b0c747be2f773bb2bb140ba6fb48b7e12fdd039a"},
    {file = "tree_sitter-0.20.2-cp38-cp38-manylinux_2_17_x86_64.manylinux2014_x86_64.whl", hash = "sha256:475ab841647a0d1bc1266c8978279f8e4f7b9520b9a7336d532e5dfc8910214d"},
    {file = "tree_sitter-0.20.2-cp38-cp38-musllinux_1_1_i686.whl", hash = "sha256:222350189675d9814966a5c88c6c1378a2ee2f3041c439a6f1d1ff2006f403aa"},
    {file = "tree_sitter-0.20.2-cp38-cp38-musllinux_1_1_x86_64.whl", hash = "sha256:31ea52f0deee70f2cb00aff01e40aae325a34ebe1661de274c9107322fb95f54"},
    {file = "tree_sitter-0.20.2-cp38-cp38-win32.whl", hash = "sha256:cceaf7287137cbca707006624a4a8d4b5ccbfec025793fde84d90524c2bb0946"},
    {file = "tree_sitter-0.20.2-cp38-cp38-win_amd64.whl", hash = "sha256:25b9669911f21ec2b3727bb2f4dfeff6ddb6f81898c3e968d378a660e0d7f90e"},
    {file = "tree_sitter-0.20.2-cp39-cp39-macosx_10_9_x86_64.whl", hash = "sha256:ce30a17f46a6b39a04a599dea88c127a19e3e1f43a2ad0ced71b5c032d585077"},
    {file = "tree_sitter-0.20.2-cp39-cp39-macosx_11_0_arm64.whl", hash = "sha256:e9576e8b2e663639527e01ab251b87f0bd370bfdd40515588689ebc424aec786"},
    {file = "tree_sitter-0.20.2-cp39-cp39-manylinux_2_17_i686.manylinux2014_i686.whl", hash = "sha256:d03731a498f624ce3536c821ef23b03d1ad569b3845b326a5b7149ef189d732c"},
    {file = "tree_sitter-0.20.2-cp39-cp39-manylinux_2_17_x86_64.manylinux2014_x86_64.whl", hash = "sha256:ef0116ecb163573ebaa0fc04cc99c90bd94c0be5cc4d0a1ebeb102de9cc9a054"},
    {file = "tree_sitter-0.20.2-cp39-cp39-musllinux_1_1_i686.whl", hash = "sha256:0943b00d3700f253c3ee6a53a71b9a6ca46defd9c0a33edb07a9388e70dc3a9e"},
    {file = "tree_sitter-0.20.2-cp39-cp39-musllinux_1_1_x86_64.whl", hash = "sha256:8cb566b6f0b5457148cb8310a1ca3d764edf28e47fcccfe0b167861ecaa50c12"},
    {file = "tree_sitter-0.20.2-cp39-cp39-win32.whl", hash = "sha256:4544204a24c2b4d25d1731b0df83f7c819ce87c4f2538a19724b8753815ef388"},
    {file = "tree_sitter-0.20.2-cp39-cp39-win_amd64.whl", hash = "sha256:9517b204e471d6aa59ee2232f6220f315ed5336079034d5c861a24660d6511d6"},
    {file = "tree_sitter-0.20.2-pp37-pypy37_pp73-macosx_10_9_x86_64.whl", hash = "sha256:84343678f58cb354d22ed14b627056ffb33c540cf16c35a83db4eeee8827b935"},
    {file = "tree_sitter-0.20.2-pp37-pypy37_pp73-manylinux_2_17_i686.manylinux2014_i686.whl", hash = "sha256:611a80171d8fa6833dd0c8b022714d2ea789de15a955ec42ec4fd5fcc1032edb"},
    {file = "tree_sitter-0.20.2-pp37-pypy37_pp73-manylinux_2_17_x86_64.manylinux2014_x86_64.whl", hash = "sha256:bacecfb61694c95ccee462742b3fcea50ba1baf115c42e60adf52b549ef642ce"},
    {file = "tree_sitter-0.20.2-pp37-pypy37_pp73-win_amd64.whl", hash = "sha256:f344ae94a268479456f19712736cc7398de5822dc74cca7d39538c28085721d0"},
    {file = "tree_sitter-0.20.2-pp38-pypy38_pp73-macosx_10_9_x86_64.whl", hash = "sha256:221784d7f326fe81ce7174ac5972800f58b9a7c5c48a03719cad9830c22e5a76"},
    {file = "tree_sitter-0.20.2-pp38-pypy38_pp73-manylinux_2_17_i686.manylinux2014_i686.whl", hash = "sha256:64210ed8d2a1b7e2951f6576aa0cb7be31ad06d87da26c52961318fc54c7fe77"},
    {file = "tree_sitter-0.20.2-pp38-pypy38_pp73-manylinux_2_17_x86_64.manylinux2014_x86_64.whl", hash = "sha256:2634ac73b39ceacfa431d6d95692eae7465977fa0b9e9f7ae6cb445991e829a5"},
    {file = "tree_sitter-0.20.2-pp38-pypy38_pp73-win_amd64.whl", hash = "sha256:71663a0e8230dae99d9c55e6895bd2c9e42534ec861b255775f704ae2db70c1d"},
    {file = "tree_sitter-0.20.2-pp39-pypy39_pp73-macosx_10_9_x86_64.whl", hash = "sha256:32c3e0f30b45a58d36bf6a0ec982ca3eaa23c7f924628da499b7ad22a8abad71"},
    {file = "tree_sitter-0.20.2-pp39-pypy39_pp73-manylinux_2_17_i686.manylinux2014_i686.whl", hash = "sha256:9b02e4ab2158c25f6f520c93318d562da58fa4ba53e1dbd434be008f48104980"},
    {file = "tree_sitter-0.20.2-pp39-pypy39_pp73-manylinux_2_17_x86_64.manylinux2014_x86_64.whl", hash = "sha256:10e567eb6961a1e86aebbe26a9ca07d324f8529bca90937a924f8aa0ea4dc127"},
    {file = "tree_sitter-0.20.2-pp39-pypy39_pp73-win_amd64.whl", hash = "sha256:63f8e8e69f5f25c2b565449e1b8a2aa7b6338b4f37c8658c5fbdec04858c30be"},
    {file = "tree_sitter-0.20.2.tar.gz", hash = "sha256:0a6c06abaa55de174241a476b536173bba28241d2ea85d198d33aa8bf009f028"},
]

[[package]]
name = "tree-sitter-languages"
version = "1.7.0"
description = "Binary Python wheels for all tree sitter languages."
optional = false
python-versions = "*"
files = [
    {file = "tree_sitter_languages-1.7.0-cp310-cp310-macosx_10_9_x86_64.whl", hash = "sha256:fd8b856c224a74c395ed9495761c3ef8ba86014dbf6037d73634436ae683c808"},
    {file = "tree_sitter_languages-1.7.0-cp310-cp310-macosx_11_0_arm64.whl", hash = "sha256:277d1bec6e101a26a4445cd7cb1eb8f8cf5a9bbad1ca80692bfae1af63568272"},
    {file = "tree_sitter_languages-1.7.0-cp310-cp310-manylinux_2_17_i686.manylinux2014_i686.whl", hash = "sha256:0473bd896799ccc87f428766813ddedd3506cad8430dbe863b663c81d7387680"},
    {file = "tree_sitter_languages-1.7.0-cp310-cp310-manylinux_2_17_x86_64.manylinux2014_x86_64.whl", hash = "sha256:cb6799419bc7e3029112f2a3f8b77b6c299f94f03bb70e5c31a437b3180486be"},
    {file = "tree_sitter_languages-1.7.0-cp310-cp310-musllinux_1_1_i686.whl", hash = "sha256:e5b705c8ce6ef47fc461484878956ecd42a67cbeb0a17e323b86a4439a8fdc3d"},
    {file = "tree_sitter_languages-1.7.0-cp310-cp310-musllinux_1_1_x86_64.whl", hash = "sha256:28a732be6fced2f70184c1b34f64961e3b6259fe6d5f7540c91028c2a43a7109"},
    {file = "tree_sitter_languages-1.7.0-cp310-cp310-win32.whl", hash = "sha256:f5cdb1ec88f0b8c617330c953555a20cc7e96ca6b1f5c68ab6db347e869cfeeb"},
    {file = "tree_sitter_languages-1.7.0-cp310-cp310-win_amd64.whl", hash = "sha256:26cb344a75798fce1a73b690504d8e7789f6ba25a178efcd203444d7868caf38"},
    {file = "tree_sitter_languages-1.7.0-cp311-cp311-macosx_10_9_x86_64.whl", hash = "sha256:433b56cb3dca02b30f21c596f431a2cff90905326be1f8913c3515acb984b21e"},
    {file = "tree_sitter_languages-1.7.0-cp311-cp311-macosx_11_0_arm64.whl", hash = "sha256:96686390e1a01af44aedef7b33d6be82de3cf674a98a5c7b417e540e6afa62cc"},
    {file = "tree_sitter_languages-1.7.0-cp311-cp311-manylinux_2_17_i686.manylinux2014_i686.whl", hash = "sha256:25a4b6d559fbd76c6ec1b73cf03d09f53aaa5a1b61078a3f518b162866d9d97e"},
    {file = "tree_sitter_languages-1.7.0-cp311-cp311-manylinux_2_17_x86_64.manylinux2014_x86_64.whl", hash = "sha256:e504f199c7a4c8b1b1efb05a063450aa23234feea6fa6c06f4077f7248ea9c98"},
    {file = "tree_sitter_languages-1.7.0-cp311-cp311-musllinux_1_1_i686.whl", hash = "sha256:6b29856e9314b5f68f05dfa45e6674f47535229dda32294ba6d129077a97759c"},
    {file = "tree_sitter_languages-1.7.0-cp311-cp311-musllinux_1_1_x86_64.whl", hash = "sha256:786fdaf3d2120eef9384b0f22d7e2e42a561073ba753c7b438e90a1e7b351650"},
    {file = "tree_sitter_languages-1.7.0-cp311-cp311-win32.whl", hash = "sha256:a55a7007056d0927b78481b437d79ea0487cc991c7f9c19d67adcceac3d47f53"},
    {file = "tree_sitter_languages-1.7.0-cp311-cp311-win_amd64.whl", hash = "sha256:4b01d3bdf7ce2aeee4d0df62071a0ca91e618a29845686a5bd714d93c5ef3b36"},
    {file = "tree_sitter_languages-1.7.0-cp36-cp36m-macosx_10_9_x86_64.whl", hash = "sha256:9b603f1ad01bfb9d178f965125e2528cb7da9666d180f4a9a1acfaedbf5862ea"},
    {file = "tree_sitter_languages-1.7.0-cp36-cp36m-manylinux_2_17_i686.manylinux2014_i686.whl", hash = "sha256:70610aa26dd985d2fb9eb07ea8eacc3ceb0cc9c2e91416f51305120cfd919e28"},
    {file = "tree_sitter_languages-1.7.0-cp36-cp36m-manylinux_2_17_x86_64.manylinux2014_x86_64.whl", hash = "sha256:0444ebc8bdb7dc0d66a816050cfd52376c4e62a94a9c54fde90b29acf3e4bab1"},
    {file = "tree_sitter_languages-1.7.0-cp36-cp36m-musllinux_1_1_i686.whl", hash = "sha256:7eeb5a3307ff1c0994ffff5ea37ec656a716a728b8c9359374104da521a76ded"},
    {file = "tree_sitter_languages-1.7.0-cp36-cp36m-musllinux_1_1_x86_64.whl", hash = "sha256:6c319cef16f2df667f1c165fe4eee160f2b51a0c4b61db1e70de2ab86420ca9a"},
    {file = "tree_sitter_languages-1.7.0-cp36-cp36m-win32.whl", hash = "sha256:b216650126d95d494f927393903e836a7ef5f0c4db0834f3a0b576f97c13abaf"},
    {file = "tree_sitter_languages-1.7.0-cp36-cp36m-win_amd64.whl", hash = "sha256:f6c96e5785d164a205962a10256808b3d12dccee9827ec88a46899063a2a2d28"},
    {file = "tree_sitter_languages-1.7.0-cp37-cp37m-macosx_10_9_x86_64.whl", hash = "sha256:adafeabbd8d47b80122fad18bb61c25ed3da04f5347b7d774b53826accb27b7a"},
    {file = "tree_sitter_languages-1.7.0-cp37-cp37m-manylinux_2_17_i686.manylinux2014_i686.whl", hash = "sha256:50e2bc5d2da770ecd5af94f9d716faa4764f890fd61bc0a488e9269653d9fb71"},
    {file = "tree_sitter_languages-1.7.0-cp37-cp37m-manylinux_2_17_x86_64.manylinux2014_x86_64.whl", hash = "sha256:ac773097cff7de6cf265c5be9990b4c6690161452da1d9fc41021d4bf7e8c73a"},
    {file = "tree_sitter_languages-1.7.0-cp37-cp37m-musllinux_1_1_i686.whl", hash = "sha256:b233bfc48cf0f16436200afc7d7643cd87101c321de25b919b61f21f1693aa52"},
    {file = "tree_sitter_languages-1.7.0-cp37-cp37m-musllinux_1_1_x86_64.whl", hash = "sha256:eab3caedf50467045ed5cab776a57b494332616376d387c6600fd7ea4f5483cf"},
    {file = "tree_sitter_languages-1.7.0-cp37-cp37m-win32.whl", hash = "sha256:d533f743a22f5696494d3a5a60adb4cfbef63d58b8b5622993d93d6d0a602444"},
    {file = "tree_sitter_languages-1.7.0-cp37-cp37m-win_amd64.whl", hash = "sha256:aab96f64be30c9f73d6dc958ec22bb1a9fe70e90b2d2a3d233d537b347cea729"},
    {file = "tree_sitter_languages-1.7.0-cp38-cp38-macosx_10_9_x86_64.whl", hash = "sha256:1bf89d771621e28847036b377f865f947e555a6654356d21beab738bb2531a69"},
    {file = "tree_sitter_languages-1.7.0-cp38-cp38-macosx_11_0_arm64.whl", hash = "sha256:b2f171089ec3c4f1de275edc8f0722e1e3dc7a54e83107098315ea2f0952cfcd"},
    {file = "tree_sitter_languages-1.7.0-cp38-cp38-manylinux_2_17_i686.manylinux2014_i686.whl", hash = "sha256:a091577d3a8454c40f813ee2834314c73cc504522f70f9e33d7c2268d33973f9"},
    {file = "tree_sitter_languages-1.7.0-cp38-cp38-manylinux_2_17_x86_64.manylinux2014_x86_64.whl", hash = "sha256:8287efa87d080b340b583a6e81266cc3d8266deb61b8f3312649a9d1562e665a"},
    {file = "tree_sitter_languages-1.7.0-cp38-cp38-musllinux_1_1_i686.whl", hash = "sha256:9c5080c06a2df7a59c69d2422a6ae83a5e37e92d57c4bd5e572d0eb5226ab3b0"},
    {file = "tree_sitter_languages-1.7.0-cp38-cp38-musllinux_1_1_x86_64.whl", hash = "sha256:ca8f629cfb406a2f9b9f8a3a5c804d4d1ba4cdca41cccba63f51fc1bab13e5de"},
    {file = "tree_sitter_languages-1.7.0-cp38-cp38-win32.whl", hash = "sha256:fd3561b37a99c9d501719819a8736529ae3a6d597128c15be432d1855f3cb0d9"},
    {file = "tree_sitter_languages-1.7.0-cp38-cp38-win_amd64.whl", hash = "sha256:377ad60f7a7bf27315676c4fa84cc766aa0019c1e556083763136ed951e934c0"},
    {file = "tree_sitter_languages-1.7.0-cp39-cp39-macosx_10_9_x86_64.whl", hash = "sha256:a1dc71b68e48f58cd5b6a9ab7a541714201815629a6554a969cfc579a6ee6e53"},
    {file = "tree_sitter_languages-1.7.0-cp39-cp39-macosx_11_0_arm64.whl", hash = "sha256:fb1521367b14c275bef70997ea90526e7049f840ba1bbd3ef56c72f5b15596e9"},
    {file = "tree_sitter_languages-1.7.0-cp39-cp39-manylinux_2_17_i686.manylinux2014_i686.whl", hash = "sha256:0f73651f7e78371dc3d455e8aba510cc6fb9e1ac1d648c3334157950781eb295"},
    {file = "tree_sitter_languages-1.7.0-cp39-cp39-manylinux_2_17_x86_64.manylinux2014_x86_64.whl", hash = "sha256:049b0dd63be721fe3f9642a2b5a044bea2852de2b35818467996242ae4b7f01f"},
    {file = "tree_sitter_languages-1.7.0-cp39-cp39-musllinux_1_1_i686.whl", hash = "sha256:c428a8e1f5ecc4eb5c79abff3eb2881123446cde16fd1d8866d527470a6fdd2f"},
    {file = "tree_sitter_languages-1.7.0-cp39-cp39-musllinux_1_1_x86_64.whl", hash = "sha256:40fb3fc11ff90caf65b4713feeb6c4852e5d2a04ef8ae6a2ac734a702a6a6c7e"},
    {file = "tree_sitter_languages-1.7.0-cp39-cp39-win32.whl", hash = "sha256:f28e9904833b7a909f8227c4560401049bd3310cebe3e0a884d9461f783b9af2"},
    {file = "tree_sitter_languages-1.7.0-cp39-cp39-win_amd64.whl", hash = "sha256:ea47ee390ec2e1c9bf96d7b418775263766021a834910c9f2d578f95a3e27d0f"},
]

[package.dependencies]
tree-sitter = "*"

[[package]]
name = "typer"
version = "0.9.0"
description = "Typer, build great CLIs. Easy to code. Based on Python type hints."
optional = false
python-versions = ">=3.6"
files = [
    {file = "typer-0.9.0-py3-none-any.whl", hash = "sha256:5d96d986a21493606a358cae4461bd8cdf83cbf33a5aa950ae629ca3b51467ee"},
    {file = "typer-0.9.0.tar.gz", hash = "sha256:50922fd79aea2f4751a8e0408ff10d2662bd0c8bbfa84755a699f3bada2978b2"},
]

[package.dependencies]
click = ">=7.1.1,<9.0.0"
typing-extensions = ">=3.7.4.3"

[package.extras]
all = ["colorama (>=0.4.3,<0.5.0)", "rich (>=10.11.0,<14.0.0)", "shellingham (>=1.3.0,<2.0.0)"]
dev = ["autoflake (>=1.3.1,<2.0.0)", "flake8 (>=3.8.3,<4.0.0)", "pre-commit (>=2.17.0,<3.0.0)"]
doc = ["cairosvg (>=2.5.2,<3.0.0)", "mdx-include (>=1.4.1,<2.0.0)", "mkdocs (>=1.1.2,<2.0.0)", "mkdocs-material (>=8.1.4,<9.0.0)", "pillow (>=9.3.0,<10.0.0)"]
test = ["black (>=22.3.0,<23.0.0)", "coverage (>=6.2,<7.0)", "isort (>=5.0.6,<6.0.0)", "mypy (==0.910)", "pytest (>=4.4.0,<8.0.0)", "pytest-cov (>=2.10.0,<5.0.0)", "pytest-sugar (>=0.9.4,<0.10.0)", "pytest-xdist (>=1.32.0,<4.0.0)", "rich (>=10.11.0,<14.0.0)", "shellingham (>=1.3.0,<2.0.0)"]

[[package]]
name = "typing-extensions"
version = "4.8.0"
description = "Backported and Experimental Type Hints for Python 3.8+"
optional = false
python-versions = ">=3.8"
files = [
    {file = "typing_extensions-4.8.0-py3-none-any.whl", hash = "sha256:8f92fc8806f9a6b641eaa5318da32b44d401efaac0f6678c9bc448ba3605faa0"},
    {file = "typing_extensions-4.8.0.tar.gz", hash = "sha256:df8e4339e9cb77357558cbdbceca33c303714cf861d1eef15e1070055ae8b7ef"},
]

[[package]]
name = "uc-micro-py"
version = "1.0.2"
description = "Micro subset of unicode data files for linkify-it-py projects."
optional = false
python-versions = ">=3.7"
files = [
    {file = "uc-micro-py-1.0.2.tar.gz", hash = "sha256:30ae2ac9c49f39ac6dce743bd187fcd2b574b16ca095fa74cd9396795c954c54"},
    {file = "uc_micro_py-1.0.2-py3-none-any.whl", hash = "sha256:8c9110c309db9d9e87302e2f4ad2c3152770930d88ab385cd544e7a7e75f3de0"},
]

[package.extras]
test = ["coverage", "pytest", "pytest-cov"]

[[package]]
name = "wmctrl"
version = "0.5"
description = "A tool to programmatically control windows inside X"
optional = false
python-versions = ">=2.7"
files = [
    {file = "wmctrl-0.5-py2.py3-none-any.whl", hash = "sha256:ae695c1863a314c899e7cf113f07c0da02a394b968c4772e1936219d9234ddd7"},
    {file = "wmctrl-0.5.tar.gz", hash = "sha256:7839a36b6fe9e2d6fd22304e5dc372dbced2116ba41283ea938b2da57f53e962"},
]

[package.dependencies]
attrs = "*"

[package.extras]
test = ["pytest"]

[[package]]
name = "zipp"
version = "3.17.0"
description = "Backport of pathlib-compatible object wrapper for zip files"
optional = false
python-versions = ">=3.8"
files = [
    {file = "zipp-3.17.0-py3-none-any.whl", hash = "sha256:0e923e726174922dce09c53c59ad483ff7bbb8e572e00c7f7c46b88556409f31"},
    {file = "zipp-3.17.0.tar.gz", hash = "sha256:84e64a1c28cf7e91ed2078bb8cc8c259cb19b76942096c8d7b84947690cabaf0"},
]

[package.extras]
docs = ["furo", "jaraco.packaging (>=9.3)", "jaraco.tidelift (>=1.4)", "rst.linker (>=1.9)", "sphinx (<7.2.5)", "sphinx (>=3.5)", "sphinx-lint"]
testing = ["big-O", "jaraco.functools", "jaraco.itertools", "more-itertools", "pytest (>=6)", "pytest-black (>=0.3.7)", "pytest-checkdocs (>=2.4)", "pytest-cov", "pytest-enabler (>=2.2)", "pytest-ignore-flaky", "pytest-mypy (>=0.9.1)", "pytest-ruff"]

[metadata]
lock-version = "2.0"
python-versions = "^3.10"
content-hash = "201ff2559bbc17e887ccf07da3be764e326e0eed5508806b5bc0b5c22317905e"
